
Microsoft Visual Studio Solution File, Format Version 12.00
# Visual Studio 15
VisualStudioVersion = 15.0.27130.2024
MinimumVisualStudioVersion = 10.0.40219.1
Project("{FAE04EC0-301F-11D3-BF4B-00C04F79EFBC}") = "512kBChecker", "512kBChecker\512kBChecker.csproj", "{58E9A0C4-BA27-4071-8865-5E3D759DAB01}"
EndProject
Global
	GlobalSection(SolutionConfigurationPlatforms) = preSolution
		Debug|x86 = Debug|x86
		Release|x86 = Release|x86
	EndGlobalSection
	GlobalSection(ProjectConfigurationPlatforms) = postSolution
		{58E9A0C4-BA27-4071-8865-5E3D759DAB01}.Debug|x86.ActiveCfg = Debug|x86
		{58E9A0C4-BA27-4071-8865-5E3D759DAB01}.Debug|x86.Build.0 = Debug|x86
		{58E9A0C4-BA27-4071-8865-5E3D759DAB01}.Release|x86.ActiveCfg = Release|x86
		{58E9A0C4-BA27-4071-8865-5E3D759DAB01}.Release|x86.Build.0 = Release|x86
	EndGlobalSection
	GlobalSection(SolutionProperties) = preSolution
		HideSolutionNode = FALSE
	EndGlobalSection
	GlobalSection(ExtensibilityGlobals) = postSolution
		SolutionGuid = {E3D3EA79-F134-479A-AC03-C2D0B9731DD6}
	EndGlobalSection
EndGlobal
